<?xml version="1.0" encoding="utf-8"?>
<Project ToolsVersion="4.0" xmlns="http://schemas.microsoft.com/developer/msbuild/2003">
  <ItemGroup>
    <Filter Include="Source Files">
      <UniqueIdentifier>{4FC737F1-C7A5-4376-A066-2A32D752A2FF}</UniqueIdentifier>
      <Extensions>cpp;c;cc;cxx;c++;cppm;ixx;def;odl;idl;hpj;bat;asm;asmx</Extensions>
    </Filter>
    <Filter Include="Header Files">
      <UniqueIdentifier>{93995380-89BD-4b04-88EB-625FBE52EBFB}</UniqueIdentifier>
      <Extensions>h;hh;hpp;hxx;h++;hm;inl;inc;ipp;xsd</Extensions>
    </Filter>
    <Filter Include="Resource Files">
      <UniqueIdentifier>{67DA6AB6-F800-4c08-8B7A-83BB121AAD01}</UniqueIdentifier>
      <Extensions>rc;ico;cur;bmp;dlg;rc2;rct;bin;rgs;gif;jpg;jpeg;jpe;resx;tiff;tif;png;wav;mfcribbon-ms</Extensions>
    </Filter>
    <Filter Include="Source Files\imgui">
      <UniqueIdentifier>{3267e28f-fba2-4619-bc56-f3807aafefb4}</UniqueIdentifier>
    </Filter>
    <Filter Include="Header Files\imgui">
      <UniqueIdentifier>{1c29b784-1d2b-4c63-9e10-83288d96ff99}</UniqueIdentifier>
    </Filter>
  </ItemGroup>
  <ItemGroup>
    <ClCompile Include="alo.cpp">
      <Filter>Source Files</Filter>
    </ClCompile>
    <ClCompile Include="render.cpp">
      <Filter>Source Files</Filter>
    </ClCompile>
    <ClCompile Include="shd.cpp">
      <Filter>Source Files</Filter>
    </ClCompile>
    <ClCompile Include="gl.cpp">
      <Filter>Source Files</Filter>
    </ClCompile>
    <ClCompile Include="debug.cpp">
      <Filter>Source Files</Filter>
    </ClCompile>
    <ClCompile Include="unk17.cpp">
      <Filter>Source Files</Filter>
    </ClCompile>
    <ClCompile Include="unk16.cpp">
      <Filter>Source Files</Filter>
    </ClCompile>
    <ClCompile Include="brx.cpp">
      <Filter>Source Files</Filter>
    </ClCompile>
    <ClCompile Include="proxy.cpp">
      <Filter>Source Files</Filter>
    </ClCompile>
    <ClCompile Include="xform.cpp">
      <Filter>Source Files</Filter>
    </ClCompile>
    <ClCompile Include="spaprops.cpp">
      <Filter>Source Files</Filter>
    </ClCompile>
    <ClCompile Include="chkpnt.cpp">
      <Filter>Source Files</Filter>
    </ClCompile>
    <ClCompile Include="dialog.cpp">
      <Filter>Source Files</Filter>
    </ClCompile>
    <ClCompile Include="aseg.cpp">
      <Filter>Source Files</Filter>
    </ClCompile>
    <ClCompile Include="glob.cpp">
      <Filter>Source Files</Filter>
    </ClCompile>
    <ClCompile Include="unk0.cpp">
      <Filter>Source Files</Filter>
    </ClCompile>
    <ClCompile Include="unk2.cpp">
      <Filter>Source Files</Filter>
    </ClCompile>
    <ClCompile Include="unk5.cpp">
      <Filter>Source Files</Filter>
    </ClCompile>
    <ClCompile Include="binoc.cpp">
      <Filter>Source Files</Filter>
    </ClCompile>
    <ClCompile Include="unk13.cpp">
      <Filter>Source Files</Filter>
    </ClCompile>
    <ClCompile Include="unk14.cpp">
      <Filter>Source Files</Filter>
    </ClCompile>
    <ClCompile Include="unk11.cpp">
      <Filter>Source Files</Filter>
    </ClCompile>
    <ClCompile Include="unk10.cpp">
      <Filter>Source Files</Filter>
    </ClCompile>
    <ClCompile Include="unk9.cpp">
      <Filter>Source Files</Filter>
    </ClCompile>
    <ClCompile Include="unk8.cpp">
      <Filter>Source Files</Filter>
    </ClCompile>
    <ClCompile Include="unk7.cpp">
      <Filter>Source Files</Filter>
    </ClCompile>
    <ClCompile Include="unk6.cpp">
      <Filter>Source Files</Filter>
    </ClCompile>
    <ClCompile Include="unk4.cpp">
      <Filter>Source Files</Filter>
    </ClCompile>
    <ClCompile Include="unk3.cpp">
      <Filter>Source Files</Filter>
    </ClCompile>
    <ClCompile Include="unk1.cpp">
      <Filter>Source Files</Filter>
    </ClCompile>
    <ClCompile Include="sw.cpp">
      <Filter>Source Files</Filter>
    </ClCompile>
    <ClCompile Include="transition.cpp">
      <Filter>Source Files</Filter>
    </ClCompile>
    <ClCompile Include="so.cpp">
      <Filter>Source Files</Filter>
    </ClCompile>
    <ClCompile Include="puffer.cpp">
      <Filter>Source Files</Filter>
    </ClCompile>
    <ClCompile Include="zap.cpp">
      <Filter>Source Files</Filter>
    </ClCompile>
    <ClCompile Include="wr.cpp">
      <Filter>Source Files</Filter>
    </ClCompile>
    <ClCompile Include="wm.cpp">
      <Filter>Source Files</Filter>
    </ClCompile>
    <ClCompile Include="wipe.cpp">
      <Filter>Source Files</Filter>
    </ClCompile>
    <ClCompile Include="waypoint.cpp">
      <Filter>Source Files</Filter>
    </ClCompile>
    <ClCompile Include="water.cpp">
      <Filter>Source Files</Filter>
    </ClCompile>
    <ClCompile Include="vis.cpp">
      <Filter>Source Files</Filter>
    </ClCompile>
    <ClCompile Include="vec.cpp">
      <Filter>Source Files</Filter>
    </ClCompile>
    <ClCompile Include="util.cpp">
      <Filter>Source Files</Filter>
    </ClCompile>
    <ClCompile Include="ub.cpp">
      <Filter>Source Files</Filter>
    </ClCompile>
    <ClCompile Include="turret.cpp">
      <Filter>Source Files</Filter>
    </ClCompile>
    <ClCompile Include="tn.cpp">
      <Filter>Source Files</Filter>
    </ClCompile>
    <ClCompile Include="target.cpp">
      <Filter>Source Files</Filter>
    </ClCompile>
    <ClCompile Include="tank.cpp">
      <Filter>Source Files</Filter>
    </ClCompile>
    <ClCompile Include="tail.cpp">
      <Filter>Source Files</Filter>
    </ClCompile>
    <ClCompile Include="suv.cpp">
      <Filter>Source Files</Filter>
    </ClCompile>
    <ClCompile Include="stepguard.cpp">
      <Filter>Source Files</Filter>
    </ClCompile>
    <ClCompile Include="step.cpp">
      <Filter>Source Files</Filter>
    </ClCompile>
    <ClCompile Include="squish.cpp">
      <Filter>Source Files</Filter>
    </ClCompile>
    <ClCompile Include="sqtr.cpp">
      <Filter>Source Files</Filter>
    </ClCompile>
    <ClCompile Include="splicemap.cpp">
      <Filter>Source Files</Filter>
    </ClCompile>
    <ClCompile Include="spire.cpp">
      <Filter>Source Files</Filter>
    </ClCompile>
    <ClCompile Include="speaker.cpp">
      <Filter>Source Files</Filter>
    </ClCompile>
    <ClCompile Include="sound.cpp">
      <Filter>Source Files</Filter>
    </ClCompile>
    <ClCompile Include="smartguard.cpp">
      <Filter>Source Files</Filter>
    </ClCompile>
    <ClCompile Include="sm.cpp">
      <Filter>Source Files</Filter>
    </ClCompile>
    <ClCompile Include="sky.cpp">
      <Filter>Source Files</Filter>
    </ClCompile>
    <ClCompile Include="sidebag.cpp">
      <Filter>Source Files</Filter>
    </ClCompile>
    <ClCompile Include="shdanim.cpp">
      <Filter>Source Files</Filter>
    </ClCompile>
    <ClCompile Include="shape.cpp">
      <Filter>Source Files</Filter>
    </ClCompile>
    <ClCompile Include="shadow.cpp">
      <Filter>Source Files</Filter>
    </ClCompile>
    <ClCompile Include="serialize.cpp">
      <Filter>Source Files</Filter>
    </ClCompile>
    <ClCompile Include="sensor.cpp">
      <Filter>Source Files</Filter>
    </ClCompile>
    <ClCompile Include="rwm.cpp">
      <Filter>Source Files</Filter>
    </ClCompile>
    <ClCompile Include="rope.cpp">
      <Filter>Source Files</Filter>
    </ClCompile>
    <ClCompile Include="rog.cpp">
      <Filter>Source Files</Filter>
    </ClCompile>
    <ClCompile Include="rip.cpp">
      <Filter>Source Files</Filter>
    </ClCompile>
    <ClCompile Include="ref.cpp">
      <Filter>Source Files</Filter>
    </ClCompile>
    <ClCompile Include="rchm.cpp">
      <Filter>Source Files</Filter>
    </ClCompile>
    <ClCompile Include="rat.cpp">
      <Filter>Source Files</Filter>
    </ClCompile>
    <ClCompile Include="rail.cpp">
      <Filter>Source Files</Filter>
    </ClCompile>
    <ClCompile Include="pzo.cpp">
      <Filter>Source Files</Filter>
    </ClCompile>
    <ClCompile Include="po.cpp">
      <Filter>Source Files</Filter>
    </ClCompile>
    <ClCompile Include="pnt.cpp">
      <Filter>Source Files</Filter>
    </ClCompile>
    <ClCompile Include="pipe.cpp">
      <Filter>Source Files</Filter>
    </ClCompile>
    <ClCompile Include="phasemem.cpp">
      <Filter>Source Files</Filter>
    </ClCompile>
    <ClCompile Include="path.cpp">
      <Filter>Source Files</Filter>
    </ClCompile>
    <ClCompile Include="murray.cpp">
      <Filter>Source Files</Filter>
    </ClCompile>
    <ClCompile Include="ms.cpp">
      <Filter>Source Files</Filter>
    </ClCompile>
    <ClCompile Include="mrkv.cpp">
      <Filter>Source Files</Filter>
    </ClCompile>
    <ClCompile Include="mouthgame.cpp">
      <Filter>Source Files</Filter>
    </ClCompile>
    <ClCompile Include="mouse.cpp">
      <Filter>Source Files</Filter>
    </ClCompile>
    <ClCompile Include="missile.cpp">
      <Filter>Source Files</Filter>
    </ClCompile>
    <ClCompile Include="mgv.cpp">
      <Filter>Source Files</Filter>
    </ClCompile>
    <ClCompile Include="mecha.cpp">
      <Filter>Source Files</Filter>
    </ClCompile>
    <ClCompile Include="mb.cpp">
      <Filter>Source Files</Filter>
    </ClCompile>
    <ClCompile Include="math.cpp">
      <Filter>Source Files</Filter>
    </ClCompile>
    <ClCompile Include="map2d.cpp">
      <Filter>Source Files</Filter>
    </ClCompile>
    <ClCompile Include="main.cpp">
      <Filter>Source Files</Filter>
    </ClCompile>
    <ClCompile Include="lo.cpp">
      <Filter>Source Files</Filter>
    </ClCompile>
    <ClCompile Include="light.cpp">
      <Filter>Source Files</Filter>
    </ClCompile>
    <ClCompile Include="lgn.cpp">
      <Filter>Source Files</Filter>
    </ClCompile>
    <ClCompile Include="landing.cpp">
      <Filter>Source Files</Filter>
    </ClCompile>
    <ClCompile Include="keyhole.cpp">
      <Filter>Source Files</Filter>
    </ClCompile>
    <ClCompile Include="jump.cpp">
      <Filter>Source Files</Filter>
    </ClCompile>
    <ClCompile Include="jt.cpp">
      <Filter>Source Files</Filter>
    </ClCompile>
    <ClCompile Include="jsg.cpp">
      <Filter>Source Files</Filter>
    </ClCompile>
    <ClCompile Include="jp.cpp">
      <Filter>Source Files</Filter>
    </ClCompile>
    <ClCompile Include="jlo.cpp">
      <Filter>Source Files</Filter>
    </ClCompile>
    <ClCompile Include="jack.cpp">
      <Filter>Source Files</Filter>
    </ClCompile>
    <ClCompile Include="ik.cpp">
      <Filter>Source Files</Filter>
    </ClCompile>
    <ClCompile Include="hnd.cpp">
      <Filter>Source Files</Filter>
    </ClCompile>
    <ClCompile Include="hide.cpp">
      <Filter>Source Files</Filter>
    </ClCompile>
    <ClCompile Include="hg.cpp">
      <Filter>Source Files</Filter>
    </ClCompile>
    <ClCompile Include="gomer.cpp">
      <Filter>Source Files</Filter>
    </ClCompile>
    <ClCompile Include="glshaders.cpp">
      <Filter>Source Files</Filter>
    </ClCompile>
    <ClCompile Include="geom.cpp">
      <Filter>Source Files</Filter>
    </ClCompile>
    <ClCompile Include="frzg.cpp">
      <Filter>Source Files</Filter>
    </ClCompile>
    <ClCompile Include="freeze.cpp">
      <Filter>Source Files</Filter>
    </ClCompile>
    <ClCompile Include="font.cpp">
      <Filter>Source Files</Filter>
    </ClCompile>
    <ClCompile Include="fly.cpp">
      <Filter>Source Files</Filter>
    </ClCompile>
    <ClCompile Include="flash.cpp">
      <Filter>Source Files</Filter>
    </ClCompile>
    <ClCompile Include="fader.cpp">
      <Filter>Source Files</Filter>
    </ClCompile>
    <ClCompile Include="emitter.cpp">
      <Filter>Source Files</Filter>
    </ClCompile>
    <ClCompile Include="dysh.cpp">
      <Filter>Source Files</Filter>
    </ClCompile>
    <ClCompile Include="dsp.cpp">
      <Filter>Source Files</Filter>
    </ClCompile>
    <ClCompile Include="dl.cpp">
      <Filter>Source Files</Filter>
    </ClCompile>
    <ClCompile Include="difficulty.cpp">
      <Filter>Source Files</Filter>
    </ClCompile>
    <ClCompile Include="dartgun.cpp">
      <Filter>Source Files</Filter>
    </ClCompile>
    <ClCompile Include="dart.cpp">
      <Filter>Source Files</Filter>
    </ClCompile>
    <ClCompile Include="cycle.cpp">
      <Filter>Source Files</Filter>
    </ClCompile>
    <ClCompile Include="crv.cpp">
      <Filter>Source Files</Filter>
    </ClCompile>
    <ClCompile Include="crusher.cpp">
      <Filter>Source Files</Filter>
    </ClCompile>
    <ClCompile Include="cplcy.cpp">
      <Filter>Source Files</Filter>
    </ClCompile>
    <ClCompile Include="coin.cpp">
      <Filter>Source Files</Filter>
    </ClCompile>
    <ClCompile Include="cnvo.cpp">
      <Filter>Source Files</Filter>
    </ClCompile>
    <ClCompile Include="cm.cpp">
      <Filter>Source Files</Filter>
    </ClCompile>
    <ClCompile Include="can.cpp">
      <Filter>Source Files</Filter>
    </ClCompile>
    <ClCompile Include="button.cpp">
      <Filter>Source Files</Filter>
    </ClCompile>
    <ClCompile Include="bsp.cpp">
      <Filter>Source Files</Filter>
    </ClCompile>
    <ClCompile Include="break.cpp">
      <Filter>Source Files</Filter>
    </ClCompile>
    <ClCompile Include="bone.cpp">
      <Filter>Source Files</Filter>
    </ClCompile>
    <ClCompile Include="bomb.cpp">
      <Filter>Source Files</Filter>
    </ClCompile>
    <ClCompile Include="blip.cpp">
      <Filter>Source Files</Filter>
    </ClCompile>
    <ClCompile Include="bis.cpp">
      <Filter>Source Files</Filter>
    </ClCompile>
    <ClCompile Include="basic.cpp">
      <Filter>Source Files</Filter>
    </ClCompile>
    <ClCompile Include="barrier.cpp">
      <Filter>Source Files</Filter>
    </ClCompile>
    <ClCompile Include="asega.cpp">
      <Filter>Source Files</Filter>
    </ClCompile>
    <ClCompile Include="alarm.cpp">
      <Filter>Source Files</Filter>
    </ClCompile>
    <ClCompile Include="actseg.cpp">
      <Filter>Source Files</Filter>
    </ClCompile>
    <ClCompile Include="act.cpp">
      <Filter>Source Files</Filter>
    </ClCompile>
    <ClCompile Include="ac.cpp">
      <Filter>Source Files</Filter>
    </ClCompile>
    <ClCompile Include="Input.cpp">
      <Filter>Source Files</Filter>
    </ClCompile>
    <ClCompile Include="glad.c">
      <Filter>Source Files</Filter>
    </ClCompile>
    <ClCompile Include="..\Libraries\include\imgui\imgui.cpp">
      <Filter>Source Files\imgui</Filter>
    </ClCompile>
    <ClCompile Include="..\Libraries\include\imgui\imgui_demo.cpp">
      <Filter>Source Files\imgui</Filter>
    </ClCompile>
    <ClCompile Include="..\Libraries\include\imgui\imgui_draw.cpp">
      <Filter>Source Files\imgui</Filter>
    </ClCompile>
    <ClCompile Include="..\Libraries\include\imgui\imgui_impl_glfw.cpp">
      <Filter>Source Files\imgui</Filter>
    </ClCompile>
    <ClCompile Include="..\Libraries\include\imgui\imgui_impl_opengl3.cpp">
      <Filter>Source Files\imgui</Filter>
    </ClCompile>
    <ClCompile Include="..\Libraries\include\imgui\imgui_tables.cpp">
      <Filter>Source Files\imgui</Filter>
    </ClCompile>
    <ClCompile Include="..\Libraries\include\imgui\imgui_widgets.cpp">
      <Filter>Source Files\imgui</Filter>
    </ClCompile>
    <ClCompile Include="..\Libraries\include\imgui\ImGuiFileDialog.cpp">
      <Filter>Source Files\imgui</Filter>
    </ClCompile>
    <ClCompile Include="clock.cpp">
      <Filter>Source Files</Filter>
    </ClCompile>
    <ClCompile Include="attract.cpp">
      <Filter>Source Files</Filter>
    </ClCompile>
    <ClCompile Include="blot.cpp">
      <Filter>Source Files</Filter>
    </ClCompile>
    <ClCompile Include="boss.cpp">
      <Filter>Source Files</Filter>
    </ClCompile>
    <ClCompile Include="call.cpp">
      <Filter>Source Files</Filter>
    </ClCompile>
    <ClCompile Include="credit.cpp">
      <Filter>Source Files</Filter>
    </ClCompile>
    <ClCompile Include="debugmenu.cpp">
      <Filter>Source Files</Filter>
    </ClCompile>
    <ClCompile Include="letterbox.cpp">
      <Filter>Source Files</Filter>
    </ClCompile>
    <ClCompile Include="logo.cpp">
      <Filter>Source Files</Filter>
    </ClCompile>
    <ClCompile Include="prompt.cpp">
      <Filter>Source Files</Filter>
    </ClCompile>
    <ClCompile Include="puffcharger.cpp">
      <Filter>Source Files</Filter>
    </ClCompile>
    <ClCompile Include="scores.cpp">
      <Filter>Source Files</Filter>
    </ClCompile>
    <ClCompile Include="timer.cpp">
      <Filter>Source Files</Filter>
    </ClCompile>
    <ClCompile Include="title.cpp">
      <Filter>Source Files</Filter>
    </ClCompile>
    <ClCompile Include="totals.cpp">
      <Filter>Source Files</Filter>
    </ClCompile>
    <ClCompile Include="trunk.cpp">
      <Filter>Source Files</Filter>
    </ClCompile>
    <ClCompile Include="ui.cpp">
      <Filter>Source Files</Filter>
    </ClCompile>
    <ClCompile Include="screen.cpp">
      <Filter>Source Files</Filter>
    </ClCompile>
    <ClCompile Include="ctr.cpp">
      <Filter>Source Files</Filter>
    </ClCompile>
    <ClCompile Include="tv.cpp">
      <Filter>Source Files</Filter>
    </ClCompile>
  </ItemGroup>
  <ItemGroup>
    <ClInclude Include="basic.h">
      <Filter>Header Files</Filter>
    </ClInclude>
    <ClInclude Include="dec.h">
      <Filter>Header Files</Filter>
    </ClInclude>
    <ClInclude Include="spaprops.h">
      <Filter>Header Files</Filter>
    </ClInclude>
    <ClInclude Include="unk17.h">
      <Filter>Header Files</Filter>
    </ClInclude>
    <ClInclude Include="unk16.h">
      <Filter>Header Files</Filter>
    </ClInclude>
    <ClInclude Include="unk0.h">
      <Filter>Header Files</Filter>
    </ClInclude>
    <ClInclude Include="unk5.h">
      <Filter>Header Files</Filter>
    </ClInclude>
    <ClInclude Include="unk2.h">
      <Filter>Header Files</Filter>
    </ClInclude>
    <ClInclude Include="binoc.h">
      <Filter>Header Files</Filter>
    </ClInclude>
    <ClInclude Include="unk14.h">
      <Filter>Header Files</Filter>
    </ClInclude>
    <ClInclude Include="unk13.h">
      <Filter>Header Files</Filter>
    </ClInclude>
    <ClInclude Include="unk11.h">
      <Filter>Header Files</Filter>
    </ClInclude>
    <ClInclude Include="unk10.h">
      <Filter>Header Files</Filter>
    </ClInclude>
    <ClInclude Include="unk9.h">
      <Filter>Header Files</Filter>
    </ClInclude>
    <ClInclude Include="unk8.h">
      <Filter>Header Files</Filter>
    </ClInclude>
    <ClInclude Include="unk7.h">
      <Filter>Header Files</Filter>
    </ClInclude>
    <ClInclude Include="unk6.h">
      <Filter>Header Files</Filter>
    </ClInclude>
    <ClInclude Include="unk4.h">
      <Filter>Header Files</Filter>
    </ClInclude>
    <ClInclude Include="unk3.h">
      <Filter>Header Files</Filter>
    </ClInclude>
    <ClInclude Include="unk1.h">
      <Filter>Header Files</Filter>
    </ClInclude>
    <ClInclude Include="puffer.h">
      <Filter>Header Files</Filter>
    </ClInclude>
    <ClInclude Include="chkpnt.h">
      <Filter>Header Files</Filter>
    </ClInclude>
    <ClInclude Include="xform.h">
      <Filter>Header Files</Filter>
    </ClInclude>
    <ClInclude Include="zap.h">
      <Filter>Header Files</Filter>
    </ClInclude>
    <ClInclude Include="wr.h">
      <Filter>Header Files</Filter>
    </ClInclude>
    <ClInclude Include="wm.h">
      <Filter>Header Files</Filter>
    </ClInclude>
    <ClInclude Include="wipe.h">
      <Filter>Header Files</Filter>
    </ClInclude>
    <ClInclude Include="waypoint.h">
      <Filter>Header Files</Filter>
    </ClInclude>
    <ClInclude Include="water.h">
      <Filter>Header Files</Filter>
    </ClInclude>
    <ClInclude Include="vis.h">
      <Filter>Header Files</Filter>
    </ClInclude>
    <ClInclude Include="vec.h">
      <Filter>Header Files</Filter>
    </ClInclude>
    <ClInclude Include="util.h">
      <Filter>Header Files</Filter>
    </ClInclude>
    <ClInclude Include="ub.h">
      <Filter>Header Files</Filter>
    </ClInclude>
    <ClInclude Include="turret.h">
      <Filter>Header Files</Filter>
    </ClInclude>
    <ClInclude Include="transition.h">
      <Filter>Header Files</Filter>
    </ClInclude>
    <ClInclude Include="tn.h">
      <Filter>Header Files</Filter>
    </ClInclude>
    <ClInclude Include="target.h">
      <Filter>Header Files</Filter>
    </ClInclude>
    <ClInclude Include="tank.h">
      <Filter>Header Files</Filter>
    </ClInclude>
    <ClInclude Include="tail.h">
      <Filter>Header Files</Filter>
    </ClInclude>
    <ClInclude Include="sw.h">
      <Filter>Header Files</Filter>
    </ClInclude>
    <ClInclude Include="suv.h">
      <Filter>Header Files</Filter>
    </ClInclude>
    <ClInclude Include="stepguard.h">
      <Filter>Header Files</Filter>
    </ClInclude>
    <ClInclude Include="step.h">
      <Filter>Header Files</Filter>
    </ClInclude>
    <ClInclude Include="squish.h">
      <Filter>Header Files</Filter>
    </ClInclude>
    <ClInclude Include="sqtr.h">
      <Filter>Header Files</Filter>
    </ClInclude>
    <ClInclude Include="splicemap.h">
      <Filter>Header Files</Filter>
    </ClInclude>
    <ClInclude Include="spire.h">
      <Filter>Header Files</Filter>
    </ClInclude>
    <ClInclude Include="speaker.h">
      <Filter>Header Files</Filter>
    </ClInclude>
    <ClInclude Include="sound.h">
      <Filter>Header Files</Filter>
    </ClInclude>
    <ClInclude Include="so.h">
      <Filter>Header Files</Filter>
    </ClInclude>
    <ClInclude Include="smartguard.h">
      <Filter>Header Files</Filter>
    </ClInclude>
    <ClInclude Include="sm.h">
      <Filter>Header Files</Filter>
    </ClInclude>
    <ClInclude Include="sky.h">
      <Filter>Header Files</Filter>
    </ClInclude>
    <ClInclude Include="sidebag.h">
      <Filter>Header Files</Filter>
    </ClInclude>
    <ClInclude Include="shdanim.h">
      <Filter>Header Files</Filter>
    </ClInclude>
    <ClInclude Include="shd.h">
      <Filter>Header Files</Filter>
    </ClInclude>
    <ClInclude Include="shape.h">
      <Filter>Header Files</Filter>
    </ClInclude>
    <ClInclude Include="shadow.h">
      <Filter>Header Files</Filter>
    </ClInclude>
    <ClInclude Include="serialize.h">
      <Filter>Header Files</Filter>
    </ClInclude>
    <ClInclude Include="sensor.h">
      <Filter>Header Files</Filter>
    </ClInclude>
    <ClInclude Include="rwm.h">
      <Filter>Header Files</Filter>
    </ClInclude>
    <ClInclude Include="rope.h">
      <Filter>Header Files</Filter>
    </ClInclude>
    <ClInclude Include="rog.h">
      <Filter>Header Files</Filter>
    </ClInclude>
    <ClInclude Include="rip.h">
      <Filter>Header Files</Filter>
    </ClInclude>
    <ClInclude Include="resource.h">
      <Filter>Header Files</Filter>
    </ClInclude>
    <ClInclude Include="render.h">
      <Filter>Header Files</Filter>
    </ClInclude>
    <ClInclude Include="ref.h">
      <Filter>Header Files</Filter>
    </ClInclude>
    <ClInclude Include="rchm.h">
      <Filter>Header Files</Filter>
    </ClInclude>
    <ClInclude Include="rat.h">
      <Filter>Header Files</Filter>
    </ClInclude>
    <ClInclude Include="rail.h">
      <Filter>Header Files</Filter>
    </ClInclude>
    <ClInclude Include="pzo.h">
      <Filter>Header Files</Filter>
    </ClInclude>
    <ClInclude Include="proxy.h">
      <Filter>Header Files</Filter>
    </ClInclude>
    <ClInclude Include="po.h">
      <Filter>Header Files</Filter>
    </ClInclude>
    <ClInclude Include="pnt.h">
      <Filter>Header Files</Filter>
    </ClInclude>
    <ClInclude Include="pipe.h">
      <Filter>Header Files</Filter>
    </ClInclude>
    <ClInclude Include="phasemem.h">
      <Filter>Header Files</Filter>
    </ClInclude>
    <ClInclude Include="path.h">
      <Filter>Header Files</Filter>
    </ClInclude>
    <ClInclude Include="murray.h">
      <Filter>Header Files</Filter>
    </ClInclude>
    <ClInclude Include="ms.h">
      <Filter>Header Files</Filter>
    </ClInclude>
    <ClInclude Include="mrkv.h">
      <Filter>Header Files</Filter>
    </ClInclude>
    <ClInclude Include="mouthgame.h">
      <Filter>Header Files</Filter>
    </ClInclude>
    <ClInclude Include="mouse.h">
      <Filter>Header Files</Filter>
    </ClInclude>
    <ClInclude Include="missile.h">
      <Filter>Header Files</Filter>
    </ClInclude>
    <ClInclude Include="mgv.h">
      <Filter>Header Files</Filter>
    </ClInclude>
    <ClInclude Include="mecha.h">
      <Filter>Header Files</Filter>
    </ClInclude>
    <ClInclude Include="mb.h">
      <Filter>Header Files</Filter>
    </ClInclude>
    <ClInclude Include="math.h">
      <Filter>Header Files</Filter>
    </ClInclude>
    <ClInclude Include="map2d.h">
      <Filter>Header Files</Filter>
    </ClInclude>
    <ClInclude Include="main.h">
      <Filter>Header Files</Filter>
    </ClInclude>
    <ClInclude Include="lo.h">
      <Filter>Header Files</Filter>
    </ClInclude>
    <ClInclude Include="light.h">
      <Filter>Header Files</Filter>
    </ClInclude>
    <ClInclude Include="lgn.h">
      <Filter>Header Files</Filter>
    </ClInclude>
    <ClInclude Include="landing.h">
      <Filter>Header Files</Filter>
    </ClInclude>
    <ClInclude Include="keyhole.h">
      <Filter>Header Files</Filter>
    </ClInclude>
    <ClInclude Include="jump.h">
      <Filter>Header Files</Filter>
    </ClInclude>
    <ClInclude Include="jt.h">
      <Filter>Header Files</Filter>
    </ClInclude>
    <ClInclude Include="jsg.h">
      <Filter>Header Files</Filter>
    </ClInclude>
    <ClInclude Include="jp.h">
      <Filter>Header Files</Filter>
    </ClInclude>
    <ClInclude Include="jlo.h">
      <Filter>Header Files</Filter>
    </ClInclude>
    <ClInclude Include="jack.h">
      <Filter>Header Files</Filter>
    </ClInclude>
    <ClInclude Include="ik.h">
      <Filter>Header Files</Filter>
    </ClInclude>
    <ClInclude Include="hnd.h">
      <Filter>Header Files</Filter>
    </ClInclude>
    <ClInclude Include="hide.h">
      <Filter>Header Files</Filter>
    </ClInclude>
    <ClInclude Include="hg.h">
      <Filter>Header Files</Filter>
    </ClInclude>
    <ClInclude Include="gomer.h">
      <Filter>Header Files</Filter>
    </ClInclude>
    <ClInclude Include="glshaders.h">
      <Filter>Header Files</Filter>
    </ClInclude>
    <ClInclude Include="glob.h">
      <Filter>Header Files</Filter>
    </ClInclude>
    <ClInclude Include="gl.h">
      <Filter>Header Files</Filter>
    </ClInclude>
    <ClInclude Include="geom.h">
      <Filter>Header Files</Filter>
    </ClInclude>
    <ClInclude Include="frzg.h">
      <Filter>Header Files</Filter>
    </ClInclude>
    <ClInclude Include="freeze.h">
      <Filter>Header Files</Filter>
    </ClInclude>
    <ClInclude Include="font.h">
      <Filter>Header Files</Filter>
    </ClInclude>
    <ClInclude Include="fly.h">
      <Filter>Header Files</Filter>
    </ClInclude>
    <ClInclude Include="flash.h">
      <Filter>Header Files</Filter>
    </ClInclude>
    <ClInclude Include="fader.h">
      <Filter>Header Files</Filter>
    </ClInclude>
    <ClInclude Include="emitter.h">
      <Filter>Header Files</Filter>
    </ClInclude>
    <ClInclude Include="dysh.h">
      <Filter>Header Files</Filter>
    </ClInclude>
    <ClInclude Include="dsp.h">
      <Filter>Header Files</Filter>
    </ClInclude>
    <ClInclude Include="dl.h">
      <Filter>Header Files</Filter>
    </ClInclude>
    <ClInclude Include="difficulty.h">
      <Filter>Header Files</Filter>
    </ClInclude>
    <ClInclude Include="dialog.h">
      <Filter>Header Files</Filter>
    </ClInclude>
    <ClInclude Include="debug.h">
      <Filter>Header Files</Filter>
    </ClInclude>
    <ClInclude Include="dartgun.h">
      <Filter>Header Files</Filter>
    </ClInclude>
    <ClInclude Include="dart.h">
      <Filter>Header Files</Filter>
    </ClInclude>
    <ClInclude Include="cycle.h">
      <Filter>Header Files</Filter>
    </ClInclude>
    <ClInclude Include="crv.h">
      <Filter>Header Files</Filter>
    </ClInclude>
    <ClInclude Include="crusher.h">
      <Filter>Header Files</Filter>
    </ClInclude>
    <ClInclude Include="cplcy.h">
      <Filter>Header Files</Filter>
    </ClInclude>
    <ClInclude Include="coin.h">
      <Filter>Header Files</Filter>
    </ClInclude>
    <ClInclude Include="cnvo.h">
      <Filter>Header Files</Filter>
    </ClInclude>
    <ClInclude Include="cm.h">
      <Filter>Header Files</Filter>
    </ClInclude>
    <ClInclude Include="can.h">
      <Filter>Header Files</Filter>
    </ClInclude>
    <ClInclude Include="button.h">
      <Filter>Header Files</Filter>
    </ClInclude>
    <ClInclude Include="bsp.h">
      <Filter>Header Files</Filter>
    </ClInclude>
    <ClInclude Include="brx.h">
      <Filter>Header Files</Filter>
    </ClInclude>
    <ClInclude Include="break.h">
      <Filter>Header Files</Filter>
    </ClInclude>
    <ClInclude Include="bone.h">
      <Filter>Header Files</Filter>
    </ClInclude>
    <ClInclude Include="bomb.h">
      <Filter>Header Files</Filter>
    </ClInclude>
    <ClInclude Include="blip.h">
      <Filter>Header Files</Filter>
    </ClInclude>
    <ClInclude Include="bis.h">
      <Filter>Header Files</Filter>
    </ClInclude>
    <ClInclude Include="barrier.h">
      <Filter>Header Files</Filter>
    </ClInclude>
    <ClInclude Include="asega.h">
      <Filter>Header Files</Filter>
    </ClInclude>
    <ClInclude Include="aseg.h">
      <Filter>Header Files</Filter>
    </ClInclude>
    <ClInclude Include="alo.h">
      <Filter>Header Files</Filter>
    </ClInclude>
    <ClInclude Include="alarm.h">
      <Filter>Header Files</Filter>
    </ClInclude>
    <ClInclude Include="actseg.h">
      <Filter>Header Files</Filter>
    </ClInclude>
    <ClInclude Include="act.h">
      <Filter>Header Files</Filter>
    </ClInclude>
    <ClInclude Include="ac.h">
      <Filter>Header Files</Filter>
    </ClInclude>
    <ClInclude Include="Input.h">
      <Filter>Header Files</Filter>
    </ClInclude>
    <ClInclude Include="resource1.h">
      <Filter>Header Files</Filter>
    </ClInclude>
    <ClInclude Include="..\Libraries\include\imgui\imgui.h">
      <Filter>Header Files\imgui</Filter>
    </ClInclude>
    <ClInclude Include="..\Libraries\include\imgui\imgui_impl_glfw.h">
      <Filter>Header Files\imgui</Filter>
    </ClInclude>
    <ClInclude Include="..\Libraries\include\imgui\imgui_impl_opengl3.h">
      <Filter>Header Files\imgui</Filter>
    </ClInclude>
    <ClInclude Include="..\Libraries\include\imgui\imgui_impl_opengl3_loader.h">
      <Filter>Header Files\imgui</Filter>
    </ClInclude>
    <ClInclude Include="..\Libraries\include\imgui\imgui_internal.h">
      <Filter>Header Files\imgui</Filter>
    </ClInclude>
    <ClInclude Include="..\Libraries\include\imgui\ImGuiFileDialog.h">
      <Filter>Header Files\imgui</Filter>
    </ClInclude>
    <ClInclude Include="..\Libraries\include\imgui\ImGuiFileDialogConfig.h">
      <Filter>Header Files\imgui</Filter>
    </ClInclude>
    <ClInclude Include="..\Libraries\include\imgui\imconfig.h">
      <Filter>Header Files\imgui</Filter>
    </ClInclude>
    <ClInclude Include="..\Libraries\include\imgui\imstb_rectpack.h">
      <Filter>Header Files\imgui</Filter>
    </ClInclude>
    <ClInclude Include="..\Libraries\include\imgui\imstb_textedit.h">
      <Filter>Header Files\imgui</Filter>
    </ClInclude>
    <ClInclude Include="..\Libraries\include\imgui\imstb_truetype.h">
      <Filter>Header Files\imgui</Filter>
    </ClInclude>
    <ClInclude Include="clock.h">
      <Filter>Header Files</Filter>
    </ClInclude>
    <ClInclude Include="attract.h">
      <Filter>Header Files</Filter>
    </ClInclude>
    <ClInclude Include="blot.h">
      <Filter>Header Files</Filter>
    </ClInclude>
    <ClInclude Include="boss.h">
      <Filter>Header Files</Filter>
    </ClInclude>
    <ClInclude Include="call.h">
      <Filter>Header Files</Filter>
    </ClInclude>
    <ClInclude Include="credit.h">
      <Filter>Header Files</Filter>
    </ClInclude>
    <ClInclude Include="debugmenu.h">
      <Filter>Header Files</Filter>
    </ClInclude>
    <ClInclude Include="letterbox.h">
      <Filter>Header Files</Filter>
    </ClInclude>
    <ClInclude Include="logo.h">
      <Filter>Header Files</Filter>
    </ClInclude>
    <ClInclude Include="prompt.h">
      <Filter>Header Files</Filter>
    </ClInclude>
    <ClInclude Include="puffcharger.h">
      <Filter>Header Files</Filter>
    </ClInclude>
    <ClInclude Include="resp.h">
      <Filter>Header Files</Filter>
    </ClInclude>
    <ClInclude Include="scores.h">
      <Filter>Header Files</Filter>
    </ClInclude>
    <ClInclude Include="timer.h">
      <Filter>Header Files</Filter>
    </ClInclude>
    <ClInclude Include="title.h">
      <Filter>Header Files</Filter>
    </ClInclude>
    <ClInclude Include="totals.h">
      <Filter>Header Files</Filter>
    </ClInclude>
    <ClInclude Include="trunk.h">
      <Filter>Header Files</Filter>
    </ClInclude>
    <ClInclude Include="ui.h">
      <Filter>Header Files</Filter>
    </ClInclude>
    <ClInclude Include="screen.h">
      <Filter>Header Files</Filter>
    </ClInclude>
    <ClInclude Include="blotdec.h">
      <Filter>Header Files</Filter>
    </ClInclude>
    <ClInclude Include="ctr.h">
      <Filter>Header Files</Filter>
    </ClInclude>
    <ClInclude Include="tv.h">
      <Filter>Header Files</Filter>
    </ClInclude>
  </ItemGroup>
  <ItemGroup>
    <ResourceCompile Include="Sly1-Release.rc">
      <Filter>Resource Files</Filter>
    </ResourceCompile>
  </ItemGroup>
  <ItemGroup>
    <None Include="glob.vert">
      <Filter>Resource Files</Filter>
    </None>
    <None Include="screen.vert">
      <Filter>Resource Files</Filter>
    </None>
    <None Include="glob.frag">
      <Filter>Resource Files</Filter>
    </None>
    <None Include="screen.frag">
      <Filter>Resource Files</Filter>
    </None>
  </ItemGroup>
</Project>