<?xml version="1.0" encoding="utf-8"?>
<Project ToolsVersion="4.0" xmlns="http://schemas.microsoft.com/developer/msbuild/2003">
  <ItemGroup>
    <Filter Include="Source Files">
      <UniqueIdentifier>{4FC737F1-C7A5-4376-A066-2A32D752A2FF}</UniqueIdentifier>
      <Extensions>cpp;c;cc;cxx;c++;cppm;ixx;def;odl;idl;hpj;bat;asm;asmx</Extensions>
    </Filter>
    <Filter Include="Header Files">
      <UniqueIdentifier>{93995380-89BD-4b04-88EB-625FBE52EBFB}</UniqueIdentifier>
      <Extensions>h;hh;hpp;hxx;h++;hm;inl;inc;ipp;xsd</Extensions>
    </Filter>
    <Filter Include="Resource Files">
      <UniqueIdentifier>{67DA6AB6-F800-4c08-8B7A-83BB121AAD01}</UniqueIdentifier>
      <Extensions>rc;ico;cur;bmp;dlg;rc2;rct;bin;rgs;gif;jpg;jpeg;jpe;resx;tiff;tif;png;wav;mfcribbon-ms</Extensions>
    </Filter>
  </ItemGroup>
  <ItemGroup>
    <ClInclude Include="phasemem.h">
      <Filter>Header Files</Filter>
    </ClInclude>
    <ClInclude Include="transition.h">
      <Filter>Header Files</Filter>
    </ClInclude>
    <ClInclude Include="bis.h">
      <Filter>Header Files</Filter>
    </ClInclude>
    <ClInclude Include="brx.h">
      <Filter>Header Files</Filter>
    </ClInclude>
    <ClInclude Include="spaprops.h">
      <Filter>Header Files</Filter>
    </ClInclude>
    <ClInclude Include="lo.h">
      <Filter>Header Files</Filter>
    </ClInclude>
    <ClInclude Include="dl.h">
      <Filter>Header Files</Filter>
    </ClInclude>
    <ClInclude Include="splicemap.h">
      <Filter>Header Files</Filter>
    </ClInclude>
    <ClInclude Include="serialize.h">
      <Filter>Header Files</Filter>
    </ClInclude>
    <ClInclude Include="difficulty.h">
      <Filter>Header Files</Filter>
    </ClInclude>
    <ClInclude Include="vec.h">
      <Filter>Header Files</Filter>
    </ClInclude>
    <ClInclude Include="gl.h">
      <Filter>Header Files</Filter>
    </ClInclude>
    <ClInclude Include="main.h">
      <Filter>Header Files</Filter>
    </ClInclude>
    <ClInclude Include="shd.h">
      <Filter>Header Files</Filter>
    </ClInclude>
    <ClInclude Include="shdanim.h">
      <Filter>Header Files</Filter>
    </ClInclude>
    <ClInclude Include="font.h">
      <Filter>Header Files</Filter>
    </ClInclude>
    <ClInclude Include="rip.h">
      <Filter>Header Files</Filter>
    </ClInclude>
    <ClInclude Include="util.h">
      <Filter>Header Files</Filter>
    </ClInclude>
    <ClInclude Include="vis.h">
      <Filter>Header Files</Filter>
    </ClInclude>
    <ClInclude Include="basic.h">
      <Filter>Header Files</Filter>
    </ClInclude>
    <ClInclude Include="keyhole.h">
      <Filter>Header Files</Filter>
    </ClInclude>
    <ClInclude Include="geom.h">
      <Filter>Header Files</Filter>
    </ClInclude>
    <ClInclude Include="glob.h">
      <Filter>Header Files</Filter>
    </ClInclude>
    <ClInclude Include="emitter.h">
      <Filter>Header Files</Filter>
    </ClInclude>
    <ClInclude Include="xform.h">
      <Filter>Header Files</Filter>
    </ClInclude>
    <ClInclude Include="alo.h">
      <Filter>Header Files</Filter>
    </ClInclude>
    <ClInclude Include="so.h">
      <Filter>Header Files</Filter>
    </ClInclude>
    <ClInclude Include="cm.h">
      <Filter>Header Files</Filter>
    </ClInclude>
    <ClInclude Include="sw.h">
      <Filter>Header Files</Filter>
    </ClInclude>
    <ClInclude Include="crv.h">
      <Filter>Header Files</Filter>
    </ClInclude>
    <ClInclude Include="proxy.h">
      <Filter>Header Files</Filter>
    </ClInclude>
    <ClInclude Include="coin.h">
      <Filter>Header Files</Filter>
    </ClInclude>
    <ClInclude Include="pnt.h">
      <Filter>Header Files</Filter>
    </ClInclude>
    <ClInclude Include="sm.h">
      <Filter>Header Files</Filter>
    </ClInclude>
    <ClInclude Include="jt.h">
      <Filter>Header Files</Filter>
    </ClInclude>
    <ClInclude Include="po.h">
      <Filter>Header Files</Filter>
    </ClInclude>
    <ClInclude Include="step.h">
      <Filter>Header Files</Filter>
    </ClInclude>
    <ClInclude Include="stepguard.h">
      <Filter>Header Files</Filter>
    </ClInclude>
    <ClInclude Include="mb.h">
      <Filter>Header Files</Filter>
    </ClInclude>
    <ClInclude Include="rog.h">
      <Filter>Header Files</Filter>
    </ClInclude>
    <ClInclude Include="puffer.h">
      <Filter>Header Files</Filter>
    </ClInclude>
    <ClInclude Include="mgv.h">
      <Filter>Header Files</Filter>
    </ClInclude>
    <ClInclude Include="break.h">
      <Filter>Header Files</Filter>
    </ClInclude>
    <ClInclude Include="button.h">
      <Filter>Header Files</Filter>
    </ClInclude>
    <ClInclude Include="squish.h">
      <Filter>Header Files</Filter>
    </ClInclude>
    <ClInclude Include="pzo.h">
      <Filter>Header Files</Filter>
    </ClInclude>
    <ClInclude Include="sensor.h">
      <Filter>Header Files</Filter>
    </ClInclude>
    <ClInclude Include="cnvo.h">
      <Filter>Header Files</Filter>
    </ClInclude>
    <ClInclude Include="hide.h">
      <Filter>Header Files</Filter>
    </ClInclude>
    <ClInclude Include="bomb.h">
      <Filter>Header Files</Filter>
    </ClInclude>
    <ClInclude Include="missile.h">
      <Filter>Header Files</Filter>
    </ClInclude>
    <ClInclude Include="fly.h">
      <Filter>Header Files</Filter>
    </ClInclude>
    <ClInclude Include="rat.h">
      <Filter>Header Files</Filter>
    </ClInclude>
    <ClInclude Include="dart.h">
      <Filter>Header Files</Filter>
    </ClInclude>
    <ClInclude Include="jlo.h">
      <Filter>Header Files</Filter>
    </ClInclude>
    <ClInclude Include="chkpnt.h">
      <Filter>Header Files</Filter>
    </ClInclude>
    <ClInclude Include="flash.h">
      <Filter>Header Files</Filter>
    </ClInclude>
    <ClInclude Include="tn.h">
      <Filter>Header Files</Filter>
    </ClInclude>
    <ClInclude Include="dialog.h">
      <Filter>Header Files</Filter>
    </ClInclude>
    <ClInclude Include="mouthgame.h">
      <Filter>Header Files</Filter>
    </ClInclude>
    <ClInclude Include="jack.h">
      <Filter>Header Files</Filter>
    </ClInclude>
    <ClInclude Include="shape.h">
      <Filter>Header Files</Filter>
    </ClInclude>
    <ClInclude Include="hnd.h">
      <Filter>Header Files</Filter>
    </ClInclude>
    <ClInclude Include="target.h">
      <Filter>Header Files</Filter>
    </ClInclude>
    <ClInclude Include="aseg.h">
      <Filter>Header Files</Filter>
    </ClInclude>
    <ClInclude Include="ac.h">
      <Filter>Header Files</Filter>
    </ClInclude>
    <ClInclude Include="path.h">
      <Filter>Header Files</Filter>
    </ClInclude>
    <ClInclude Include="rchm.h">
      <Filter>Header Files</Filter>
    </ClInclude>
    <ClInclude Include="dec.h">
      <Filter>Header Files</Filter>
    </ClInclude>
    <ClInclude Include="ref.h">
      <Filter>Header Files</Filter>
    </ClInclude>
    <ClInclude Include="sidebag.h">
      <Filter>Header Files</Filter>
    </ClInclude>
    <ClInclude Include="smartguard.h">
      <Filter>Header Files</Filter>
    </ClInclude>
    <ClInclude Include="gomer.h">
      <Filter>Header Files</Filter>
    </ClInclude>
    <ClInclude Include="ub.h">
      <Filter>Header Files</Filter>
    </ClInclude>
    <ClInclude Include="murray.h">
      <Filter>Header Files</Filter>
    </ClInclude>
    <ClInclude Include="crusher.h">
      <Filter>Header Files</Filter>
    </ClInclude>
    <ClInclude Include="tank.h">
      <Filter>Header Files</Filter>
    </ClInclude>
    <ClInclude Include="jp.h">
      <Filter>Header Files</Filter>
    </ClInclude>
    <ClInclude Include="hg.h">
      <Filter>Header Files</Filter>
    </ClInclude>
    <ClInclude Include="freeze.h">
      <Filter>Header Files</Filter>
    </ClInclude>
    <ClInclude Include="shadow.h">
      <Filter>Header Files</Filter>
    </ClInclude>
  </ItemGroup>
  <ItemGroup>
    <ClCompile Include="phasemem.cpp">
      <Filter>Source Files</Filter>
    </ClCompile>
    <ClCompile Include="transition.cpp">
      <Filter>Source Files</Filter>
    </ClCompile>
    <ClCompile Include="bis.cpp">
      <Filter>Source Files</Filter>
    </ClCompile>
    <ClCompile Include="brx.cpp">
      <Filter>Source Files</Filter>
    </ClCompile>
    <ClCompile Include="spaprops.cpp">
      <Filter>Source Files</Filter>
    </ClCompile>
    <ClCompile Include="lo.cpp">
      <Filter>Source Files</Filter>
    </ClCompile>
    <ClCompile Include="dl.cpp">
      <Filter>Source Files</Filter>
    </ClCompile>
    <ClCompile Include="splicemap.cpp">
      <Filter>Source Files</Filter>
    </ClCompile>
    <ClCompile Include="serialize.cpp">
      <Filter>Source Files</Filter>
    </ClCompile>
    <ClCompile Include="difficulty.cpp">
      <Filter>Source Files</Filter>
    </ClCompile>
    <ClCompile Include="vec.cpp">
      <Filter>Source Files</Filter>
    </ClCompile>
    <ClCompile Include="glad.c">
      <Filter>Source Files</Filter>
    </ClCompile>
    <ClCompile Include="gl.cpp">
      <Filter>Source Files</Filter>
    </ClCompile>
    <ClCompile Include="shd.cpp">
      <Filter>Source Files</Filter>
    </ClCompile>
    <ClCompile Include="shdanim.cpp">
      <Filter>Source Files</Filter>
    </ClCompile>
    <ClCompile Include="main.cpp">
      <Filter>Source Files</Filter>
    </ClCompile>
    <ClCompile Include="font.cpp">
      <Filter>Source Files</Filter>
    </ClCompile>
    <ClCompile Include="rip.cpp">
      <Filter>Source Files</Filter>
    </ClCompile>
    <ClCompile Include="util.cpp">
      <Filter>Source Files</Filter>
    </ClCompile>
    <ClCompile Include="vis.cpp">
      <Filter>Source Files</Filter>
    </ClCompile>
    <ClCompile Include="basic.cpp">
      <Filter>Source Files</Filter>
    </ClCompile>
    <ClCompile Include="keyhole.cpp">
      <Filter>Source Files</Filter>
    </ClCompile>
    <ClCompile Include="geom.cpp">
      <Filter>Source Files</Filter>
    </ClCompile>
    <ClCompile Include="glob.cpp">
      <Filter>Source Files</Filter>
    </ClCompile>
    <ClCompile Include="emitter.cpp">
      <Filter>Source Files</Filter>
    </ClCompile>
    <ClCompile Include="xform.cpp">
      <Filter>Source Files</Filter>
    </ClCompile>
    <ClCompile Include="alo.cpp">
      <Filter>Source Files</Filter>
    </ClCompile>
    <ClCompile Include="so.cpp">
      <Filter>Source Files</Filter>
    </ClCompile>
    <ClCompile Include="cm.cpp">
      <Filter>Source Files</Filter>
    </ClCompile>
    <ClCompile Include="sw.cpp">
      <Filter>Source Files</Filter>
    </ClCompile>
    <ClCompile Include="crv.cpp">
      <Filter>Source Files</Filter>
    </ClCompile>
    <ClCompile Include="proxy.cpp">
      <Filter>Source Files</Filter>
    </ClCompile>
    <ClCompile Include="coin.cpp">
      <Filter>Source Files</Filter>
    </ClCompile>
    <ClCompile Include="pnt.cpp">
      <Filter>Source Files</Filter>
    </ClCompile>
    <ClCompile Include="sm.cpp">
      <Filter>Source Files</Filter>
    </ClCompile>
    <ClCompile Include="jt.cpp">
      <Filter>Source Files</Filter>
    </ClCompile>
    <ClCompile Include="po.cpp">
      <Filter>Source Files</Filter>
    </ClCompile>
    <ClCompile Include="step.cpp">
      <Filter>Source Files</Filter>
    </ClCompile>
    <ClCompile Include="stepguard.cpp">
      <Filter>Source Files</Filter>
    </ClCompile>
    <ClCompile Include="mb.cpp">
      <Filter>Source Files</Filter>
    </ClCompile>
    <ClCompile Include="rog.cpp">
      <Filter>Source Files</Filter>
    </ClCompile>
    <ClCompile Include="puffer.cpp">
      <Filter>Source Files</Filter>
    </ClCompile>
    <ClCompile Include="mgv.cpp">
      <Filter>Source Files</Filter>
    </ClCompile>
    <ClCompile Include="break.cpp">
      <Filter>Source Files</Filter>
    </ClCompile>
    <ClCompile Include="button.cpp">
      <Filter>Source Files</Filter>
    </ClCompile>
    <ClCompile Include="squish.cpp">
      <Filter>Source Files</Filter>
    </ClCompile>
    <ClCompile Include="pzo.cpp">
      <Filter>Source Files</Filter>
    </ClCompile>
    <ClCompile Include="sensor.cpp">
      <Filter>Source Files</Filter>
    </ClCompile>
    <ClCompile Include="cnvo.cpp">
      <Filter>Source Files</Filter>
    </ClCompile>
    <ClCompile Include="hide.cpp">
      <Filter>Source Files</Filter>
    </ClCompile>
    <ClCompile Include="bomb.cpp">
      <Filter>Source Files</Filter>
    </ClCompile>
    <ClCompile Include="missile.cpp">
      <Filter>Source Files</Filter>
    </ClCompile>
    <ClCompile Include="fly.cpp">
      <Filter>Source Files</Filter>
    </ClCompile>
    <ClCompile Include="rat.cpp">
      <Filter>Source Files</Filter>
    </ClCompile>
    <ClCompile Include="dart.cpp">
      <Filter>Source Files</Filter>
    </ClCompile>
    <ClCompile Include="jlo.cpp">
      <Filter>Source Files</Filter>
    </ClCompile>
    <ClCompile Include="chkpnt.cpp">
      <Filter>Source Files</Filter>
    </ClCompile>
    <ClCompile Include="flash.cpp">
      <Filter>Source Files</Filter>
    </ClCompile>
    <ClCompile Include="tn.cpp">
      <Filter>Source Files</Filter>
    </ClCompile>
    <ClCompile Include="dialog.cpp">
      <Filter>Source Files</Filter>
    </ClCompile>
    <ClCompile Include="mouthgame.cpp">
      <Filter>Source Files</Filter>
    </ClCompile>
    <ClCompile Include="jack.cpp">
      <Filter>Source Files</Filter>
    </ClCompile>
    <ClCompile Include="shape.cpp">
      <Filter>Source Files</Filter>
    </ClCompile>
    <ClCompile Include="hnd.cpp">
      <Filter>Source Files</Filter>
    </ClCompile>
    <ClCompile Include="target.cpp">
      <Filter>Source Files</Filter>
    </ClCompile>
    <ClCompile Include="aseg.cpp">
      <Filter>Source Files</Filter>
    </ClCompile>
    <ClCompile Include="ac.cpp">
      <Filter>Source Files</Filter>
    </ClCompile>
    <ClCompile Include="path.cpp">
      <Filter>Source Files</Filter>
    </ClCompile>
    <ClCompile Include="rchm.cpp">
      <Filter>Source Files</Filter>
    </ClCompile>
    <ClCompile Include="ref.cpp">
      <Filter>Source Files</Filter>
    </ClCompile>
    <ClCompile Include="sidebag.cpp">
      <Filter>Source Files</Filter>
    </ClCompile>
    <ClCompile Include="smartguard.cpp">
      <Filter>Source Files</Filter>
    </ClCompile>
    <ClCompile Include="gomer.cpp">
      <Filter>Source Files</Filter>
    </ClCompile>
    <ClCompile Include="ub.cpp">
      <Filter>Source Files</Filter>
    </ClCompile>
    <ClCompile Include="murray.cpp">
      <Filter>Source Files</Filter>
    </ClCompile>
    <ClCompile Include="crusher.cpp">
      <Filter>Source Files</Filter>
    </ClCompile>
    <ClCompile Include="tank.cpp">
      <Filter>Source Files</Filter>
    </ClCompile>
    <ClCompile Include="jp.cpp">
      <Filter>Source Files</Filter>
    </ClCompile>
    <ClCompile Include="hg.cpp">
      <Filter>Source Files</Filter>
    </ClCompile>
    <ClCompile Include="freeze.cpp">
      <Filter>Source Files</Filter>
    </ClCompile>
    <ClCompile Include="shadow.cpp">
      <Filter>Source Files</Filter>
    </ClCompile>
  </ItemGroup>
  <ItemGroup>
    <None Include="..\README.md">
      <Filter>Resource Files</Filter>
    </None>
  </ItemGroup>
</Project>